// !$*UTF8*$!
{
	archiveVersion = 1;
	classes = {
	};
	objectVersion = 77;
	objects = {

/* Begin PBXFileReference section */
		3333863F2D9AB559006440C6 /* 250331_bonus.playground */ = {isa = PBXFileReference; lastKnownFileType = file.playground; path = 250331_bonus.playground; sourceTree = "<group>"; xcLanguageSpecificationIdentifier = xcode.lang.swift; };
		333386402D9AF93D006440C6 /* 250331_middler_bonus.playground */ = {isa = PBXFileReference; lastKnownFileType = file.playground; path = 250331_middler_bonus.playground; sourceTree = "<group>"; xcLanguageSpecificationIdentifier = xcode.lang.swift; };
		335873C62D9A369E00A9E224 /* 250331.playground */ = {isa = PBXFileReference; lastKnownFileType = file.playground; path = 250331.playground; sourceTree = "<group>"; xcLanguageSpecificationIdentifier = xcode.lang.swift; };
		335873CF2D9B7B0900A9E224 /* 250401.playground */ = {isa = PBXFileReference; lastKnownFileType = file.playground; path = 250401.playground; sourceTree = "<group>"; xcLanguageSpecificationIdentifier = xcode.lang.swift; };
		335873D02D9CCE0A00A9E224 /* 250402.playground */ = {isa = PBXFileReference; lastKnownFileType = file.playground; path = 250402.playground; sourceTree = "<group>"; xcLanguageSpecificationIdentifier = xcode.lang.swift; };
		33B985932DA4B36800C9DC87 /* 250408.playground */ = {isa = PBXFileReference; lastKnownFileType = file.playground; path = 250408.playground; sourceTree = "<group>"; xcLanguageSpecificationIdentifier = xcode.lang.swift; };
		33BCB78B2D9E17A600D94A73 /* 250403.playground */ = {isa = PBXFileReference; lastKnownFileType = file.playground; path = 250403.playground; sourceTree = "<group>"; xcLanguageSpecificationIdentifier = xcode.lang.swift; };
		33D110782D9F6BCA006476A5 /* 250404.playground */ = {isa = PBXFileReference; lastKnownFileType = file.playground; path = 250404.playground; sourceTree = "<group>"; xcLanguageSpecificationIdentifier = xcode.lang.swift; };
/* End PBXFileReference section */

/* Begin PBXGroup section */
		335873BF2D9A365600A9E224 = {
			isa = PBXGroup;
			children = (
				33B985932DA4B36800C9DC87 /* 250408.playground */,
				33D110782D9F6BCA006476A5 /* 250404.playground */,
				33BCB78B2D9E17A600D94A73 /* 250403.playground */,
				335873D02D9CCE0A00A9E224 /* 250402.playground */,
				335873CF2D9B7B0900A9E224 /* 250401.playground */,
				333386402D9AF93D006440C6 /* 250331_middler_bonus.playground */,
				3333863F2D9AB559006440C6 /* 250331_bonus.playground */,
				335873C62D9A369E00A9E224 /* 250331.playground */,
			);
			sourceTree = "<group>";
		};
/* End PBXGroup section */

/* Begin PBXProject section */
		335873C02D9A365600A9E224 /* Project object */ = {
			isa = PBXProject;
			attributes = {
				BuildIndependentTargetsInParallel = 1;
				LastUpgradeCheck = 1620;
			};
			buildConfigurationList = 335873C32D9A365600A9E224 /* Build configuration list for PBXProject "hanghae99-algorithm" */;
			developmentRegion = en;
			hasScannedForEncodings = 0;
			knownRegions = (
				en,
				Base,
			);
			mainGroup = 335873BF2D9A365600A9E224;
			minimizedProjectReferenceProxies = 1;
			preferredProjectObjectVersion = 77;
			projectDirPath = "";
			projectRoot = "";
			targets = (
			);
		};
/* End PBXProject section */

/* Begin XCBuildConfiguration section */
		335873C42D9A365600A9E224 /* Debug */ = {
			isa = XCBuildConfiguration;
			buildSettings = {
			};
			name = Debug;
		};
		335873C52D9A365600A9E224 /* Release */ = {
			isa = XCBuildConfiguration;
			buildSettings = {
			};
			name = Release;
		};
/* End XCBuildConfiguration section */

/* Begin XCConfigurationList section */
		335873C32D9A365600A9E224 /* Build configuration list for PBXProject "hanghae99-algorithm" */ = {
			isa = XCConfigurationList;
			buildConfigurations = (
				335873C42D9A365600A9E224 /* Debug */,
				335873C52D9A365600A9E224 /* Release */,
			);
			defaultConfigurationIsVisible = 0;
			defaultConfigurationName = Release;
		};
/* End XCConfigurationList section */
	};
	rootObject = 335873C02D9A365600A9E224 /* Project object */;
}
